
Microsoft Visual Studio Solution File, Format Version 12.00
# Visual Studio Version 17
VisualStudioVersion = 17.7.34003.232
MinimumVisualStudioVersion = 10.0.40219.1
Project("{9A19103F-16F7-4668-BE54-9A1E7A4F7556}") = "ReportPortal.E2E.Core", "ReportPortal.E2E.Core\ReportPortal.E2E.Core.csproj", "{F28E821B-ED5F-4AB9-ADE4-5B0E2CBB9CD6}"
EndProject
Project("{9A19103F-16F7-4668-BE54-9A1E7A4F7556}") = "ReportPortal.E2E.API.Tests", "ReportPortal.E2E.API.Tests\ReportPortal.E2E.API.Tests.csproj", "{071E91FD-7253-41D2-AD1B-34EB550759A4}"
EndProject
Project("{9A19103F-16F7-4668-BE54-9A1E7A4F7556}") = "ReportPortal.E2E.UI.Tests", "ReportPortal.E2E.UI.Tests\ReportPortal.E2E.UI.Tests.csproj", "{1E77E62E-E6EA-4AC7-91E4-0CE4D4CFF087}"
EndProject
Project("{9A19103F-16F7-4668-BE54-9A1E7A4F7556}") = "ReportPortal.E2E.API.Business", "ReportPortal.E2E.API.Business\ReportPortal.E2E.API.Business.csproj", "{2DD10BDE-FA8B-4EE8-B97F-EB7613EB094E}"
EndProject
Project("{9A19103F-16F7-4668-BE54-9A1E7A4F7556}") = "ReportPortal.E2E.UI.Business", "ReportPortal.E2E.UI.Business\ReportPortal.E2E.UI.Business.csproj", "{A619B0CC-927B-4447-A799-53995BDC4A00}"
EndProject
Global
	GlobalSection(SolutionConfigurationPlatforms) = preSolution
		Debug|Any CPU = Debug|Any CPU
		Release|Any CPU = Release|Any CPU
	EndGlobalSection
	GlobalSection(ProjectConfigurationPlatforms) = postSolution
		{F28E821B-ED5F-4AB9-ADE4-5B0E2CBB9CD6}.Debug|Any CPU.ActiveCfg = Debug|Any CPU
		{F28E821B-ED5F-4AB9-ADE4-5B0E2CBB9CD6}.Debug|Any CPU.Build.0 = Debug|Any CPU
		{F28E821B-ED5F-4AB9-ADE4-5B0E2CBB9CD6}.Release|Any CPU.ActiveCfg = Release|Any CPU
		{F28E821B-ED5F-4AB9-ADE4-5B0E2CBB9CD6}.Release|Any CPU.Build.0 = Release|Any CPU
		{071E91FD-7253-41D2-AD1B-34EB550759A4}.Debug|Any CPU.ActiveCfg = Debug|Any CPU
		{071E91FD-7253-41D2-AD1B-34EB550759A4}.Debug|Any CPU.Build.0 = Debug|Any CPU
		{071E91FD-7253-41D2-AD1B-34EB550759A4}.Release|Any CPU.ActiveCfg = Release|Any CPU
		{071E91FD-7253-41D2-AD1B-34EB550759A4}.Release|Any CPU.Build.0 = Release|Any CPU
		{1E77E62E-E6EA-4AC7-91E4-0CE4D4CFF087}.Debug|Any CPU.ActiveCfg = Debug|Any CPU
		{1E77E62E-E6EA-4AC7-91E4-0CE4D4CFF087}.Debug|Any CPU.Build.0 = Debug|Any CPU
		{1E77E62E-E6EA-4AC7-91E4-0CE4D4CFF087}.Release|Any CPU.ActiveCfg = Release|Any CPU
		{1E77E62E-E6EA-4AC7-91E4-0CE4D4CFF087}.Release|Any CPU.Build.0 = Release|Any CPU
		{2DD10BDE-FA8B-4EE8-B97F-EB7613EB094E}.Debug|Any CPU.ActiveCfg = Debug|Any CPU
		{2DD10BDE-FA8B-4EE8-B97F-EB7613EB094E}.Debug|Any CPU.Build.0 = Debug|Any CPU
		{2DD10BDE-FA8B-4EE8-B97F-EB7613EB094E}.Release|Any CPU.ActiveCfg = Release|Any CPU
		{2DD10BDE-FA8B-4EE8-B97F-EB7613EB094E}.Release|Any CPU.Build.0 = Release|Any CPU
		{A619B0CC-927B-4447-A799-53995BDC4A00}.Debug|Any CPU.ActiveCfg = Debug|Any CPU
		{A619B0CC-927B-4447-A799-53995BDC4A00}.Debug|Any CPU.Build.0 = Debug|Any CPU
		{A619B0CC-927B-4447-A799-53995BDC4A00}.Release|Any CPU.ActiveCfg = Release|Any CPU
		{A619B0CC-927B-4447-A799-53995BDC4A00}.Release|Any CPU.Build.0 = Release|Any CPU
	EndGlobalSection
	GlobalSection(SolutionProperties) = preSolution
		HideSolutionNode = FALSE
	EndGlobalSection
	GlobalSection(ExtensibilityGlobals) = postSolution
		SolutionGuid = {4117F148-6738-4A65-AC25-A95B97252861}
	EndGlobalSection
EndGlobal
